
Microsoft Visual Studio Solution File, Format Version 12.00
# Visual Studio 2012
Project("{FAE04EC0-301F-11D3-BF4B-00C04F79EFBC}") = "Thahavuru.Techniques", "Thahavuru.Techniques\Thahavuru.Techniques.csproj", "{E5501B88-8BEF-4027-A6C7-F84D474C514A}"
EndProject
Project("{FAE04EC0-301F-11D3-BF4B-00C04F79EFBC}") = "Thahavuru.Techniques.Tests", "Thahavuru.Techniques.Tests\Thahavuru.Techniques.Tests.csproj", "{2F6B7653-CD81-4B5D-A280-3BE634E14AC2}"
EndProject
Project("{FAE04EC0-301F-11D3-BF4B-00C04F79EFBC}") = "Thahavuru.DataAccessLayer", "Thahavuru.DataAccessLayer\Thahavuru.DataAccessLayer.csproj", "{10602BFD-0FF1-4E50-A4FF-F559FF0D3FF2}"
EndProject
Project("{FAE04EC0-301F-11D3-BF4B-00C04F79EFBC}") = "Thahavuru.Resources", "Thahavuru.Resources\Thahavuru.Resources.csproj", "{B4DCC819-FA36-4C99-BF34-6510ACF8A624}"
EndProject
Project("{FAE04EC0-301F-11D3-BF4B-00C04F79EFBC}") = "Thahavuru.DataAccessLayer.Tests", "Thahavuru.DataAccessLayer.Tests\Thahavuru.DataAccessLayer.Tests.csproj", "{A5E79BC6-53CB-4E59-B3DD-09BDA49CAF21}"
EndProject
Global
	GlobalSection(SolutionConfigurationPlatforms) = preSolution
		Debug|Any CPU = Debug|Any CPU
		Release|Any CPU = Release|Any CPU
	EndGlobalSection
	GlobalSection(ProjectConfigurationPlatforms) = postSolution
		{E5501B88-8BEF-4027-A6C7-F84D474C514A}.Debug|Any CPU.ActiveCfg = Debug|Any CPU
		{E5501B88-8BEF-4027-A6C7-F84D474C514A}.Debug|Any CPU.Build.0 = Debug|Any CPU
		{E5501B88-8BEF-4027-A6C7-F84D474C514A}.Release|Any CPU.ActiveCfg = Release|Any CPU
		{E5501B88-8BEF-4027-A6C7-F84D474C514A}.Release|Any CPU.Build.0 = Release|Any CPU
		{2F6B7653-CD81-4B5D-A280-3BE634E14AC2}.Debug|Any CPU.ActiveCfg = Debug|Any CPU
		{2F6B7653-CD81-4B5D-A280-3BE634E14AC2}.Debug|Any CPU.Build.0 = Debug|Any CPU
		{2F6B7653-CD81-4B5D-A280-3BE634E14AC2}.Release|Any CPU.ActiveCfg = Release|Any CPU
		{2F6B7653-CD81-4B5D-A280-3BE634E14AC2}.Release|Any CPU.Build.0 = Release|Any CPU
		{10602BFD-0FF1-4E50-A4FF-F559FF0D3FF2}.Debug|Any CPU.ActiveCfg = Debug|Any CPU
		{10602BFD-0FF1-4E50-A4FF-F559FF0D3FF2}.Debug|Any CPU.Build.0 = Debug|Any CPU
		{10602BFD-0FF1-4E50-A4FF-F559FF0D3FF2}.Release|Any CPU.ActiveCfg = Release|Any CPU
		{10602BFD-0FF1-4E50-A4FF-F559FF0D3FF2}.Release|Any CPU.Build.0 = Release|Any CPU
		{B4DCC819-FA36-4C99-BF34-6510ACF8A624}.Debug|Any CPU.ActiveCfg = Debug|Any CPU
		{B4DCC819-FA36-4C99-BF34-6510ACF8A624}.Debug|Any CPU.Build.0 = Debug|Any CPU
		{B4DCC819-FA36-4C99-BF34-6510ACF8A624}.Release|Any CPU.ActiveCfg = Release|Any CPU
		{B4DCC819-FA36-4C99-BF34-6510ACF8A624}.Release|Any CPU.Build.0 = Release|Any CPU
		{A5E79BC6-53CB-4E59-B3DD-09BDA49CAF21}.Debug|Any CPU.ActiveCfg = Debug|Any CPU
		{A5E79BC6-53CB-4E59-B3DD-09BDA49CAF21}.Release|Any CPU.ActiveCfg = Release|Any CPU
		{A5E79BC6-53CB-4E59-B3DD-09BDA49CAF21}.Release|Any CPU.Build.0 = Release|Any CPU
	EndGlobalSection
	GlobalSection(SolutionProperties) = preSolution
		HideSolutionNode = FALSE
	EndGlobalSection
EndGlobal
